
Microsoft Visual Studio Solution File, Format Version 12.00
# Visual Studio Version 17
VisualStudioVersion = 17.7.34003.232
MinimumVisualStudioVersion = 10.0.40219.1
Project("{FAE04EC0-301F-11D3-BF4B-00C04F79EFBC}") = "Practical-01", "Practical-01\Practical-01.csproj", "{67CF4774-9869-424D-B682-262A13D105A7}"
EndProject
Global
	GlobalSection(SolutionConfigurationPlatforms) = preSolution
		Debug|Any CPU = Debug|Any CPU
		Release|Any CPU = Release|Any CPU
	EndGlobalSection
	GlobalSection(ProjectConfigurationPlatforms) = postSolution
		{67CF4774-9869-424D-B682-262A13D105A7}.Debug|Any CPU.ActiveCfg = Debug|Any CPU
		{67CF4774-9869-424D-B682-262A13D105A7}.Debug|Any CPU.Build.0 = Debug|Any CPU
		{67CF4774-9869-424D-B682-262A13D105A7}.Release|Any CPU.ActiveCfg = Release|Any CPU
		{67CF4774-9869-424D-B682-262A13D105A7}.Release|Any CPU.Build.0 = Release|Any CPU
	EndGlobalSection
	GlobalSection(SolutionProperties) = preSolution
		HideSolutionNode = FALSE
	EndGlobalSection
	GlobalSection(ExtensibilityGlobals) = postSolution
		SolutionGuid = {2E46289B-E8AB-4B57-9D59-569F394140A8}
	EndGlobalSection
EndGlobal
