
Microsoft Visual Studio Solution File, Format Version 12.00
# Visual Studio Version 17
VisualStudioVersion = 17.7.34003.232
MinimumVisualStudioVersion = 10.0.40219.1
Project("{FAE04EC0-301F-11D3-BF4B-00C04F79EFBC}") = "Practical_1b_Currency", "Practical_1b_Currency\Practical_1b_Currency.csproj", "{0ED1A27E-F531-4AE0-8E6A-3F4EB816C213}"
EndProject
Global
	GlobalSection(SolutionConfigurationPlatforms) = preSolution
		Debug|Any CPU = Debug|Any CPU
		Release|Any CPU = Release|Any CPU
	EndGlobalSection
	GlobalSection(ProjectConfigurationPlatforms) = postSolution
		{0ED1A27E-F531-4AE0-8E6A-3F4EB816C213}.Debug|Any CPU.ActiveCfg = Debug|Any CPU
		{0ED1A27E-F531-4AE0-8E6A-3F4EB816C213}.Debug|Any CPU.Build.0 = Debug|Any CPU
		{0ED1A27E-F531-4AE0-8E6A-3F4EB816C213}.Release|Any CPU.ActiveCfg = Release|Any CPU
		{0ED1A27E-F531-4AE0-8E6A-3F4EB816C213}.Release|Any CPU.Build.0 = Release|Any CPU
	EndGlobalSection
	GlobalSection(SolutionProperties) = preSolution
		HideSolutionNode = FALSE
	EndGlobalSection
	GlobalSection(ExtensibilityGlobals) = postSolution
		SolutionGuid = {29BA6FF9-7DC8-47C6-B656-F63035A94840}
	EndGlobalSection
EndGlobal
